{
  "version": 4,
  "terraform_version": "1.11.4",
  "serial": 12,
  "lineage": "5b1a7b15-3a85-c074-60d7-63bb97f17541",
  "outputs": {
    "aks_location": {
      "value": "westeurope",
      "type": "string"
    },
    "aks_name": {
      "value": "aks-demo",
      "type": "string"
    },
    "log_analytics_workspace_id": {
      "value": "/subscriptions/17f0b3b5-520e-405f-bace-483b82dcf355/resourceGroups/rg-aks-demo/providers/Microsoft.OperationalInsights/workspaces/log-aks",
      "type": "string"
    },
    "resource_group": {
      "value": "rg-aks-demo",
      "type": "string"
    },
    "subnet_id": {
      "value": "/subscriptions/17f0b3b5-520e-405f-bace-483b82dcf355/resourceGroups/rg-aks-demo/providers/Microsoft.Network/virtualNetworks/vnet-aks/subnets/snet-aks",
      "type": "string"
    },
    "vnet_name": {
      "value": "vnet-aks",
      "type": "string"
    }
  },
  "resources": [
    {
      "mode": "data",
      "type": "azurerm_client_config",
      "name": "current",
      "provider": "provider[\"registry.terraform.io/hashicorp/azurerm\"]",
      "instances": [
        {
          "schema_version": 0,
          "attributes": {
            "client_id": "04b07795-8ddb-461a-bbee-02f9e1bf7b46",
            "id": "Y2xpZW50Q29uZmlncy9jbGllbnRJZD0wNGIwNzc5NS04ZGRiLTQ2MWEtYmJlZS0wMmY5ZTFiZjdiNDY7b2JqZWN0SWQ9NjVkMTk2ZDAtOGU5ZC00NzYzLTg1NDgtYzVhMjMxMjk1NjgzO3N1YnNjcmlwdGlvbklkPTE3ZjBiM2I1LTUyMGUtNDA1Zi1iYWNlLTQ4M2I4MmRjZjM1NTt0ZW5hbnRJZD1mYWExNGEyZi0yOWQ5LTRjYzMtOWU1MS1hZDEzNWY2OTA4OGI=",
            "object_id": "65d196d0-8e9d-4763-8548-c5a231295683",
            "subscription_id": "17f0b3b5-520e-405f-bace-483b82dcf355",
            "tenant_id": "faa14a2f-29d9-4cc3-9e51-ad135f69088b",
            "timeouts": null
          },
          "sensitive_attributes": []
        }
      ]
    },
    {
      "mode": "managed",
      "type": "azurerm_log_analytics_workspace",
      "name": "log",
      "provider": "provider[\"registry.terraform.io/hashicorp/azurerm\"]",
      "instances": [
        {
          "schema_version": 3,
          "attributes": {
            "allow_resource_only_permissions": true,
            "cmk_for_query_forced": false,
            "daily_quota_gb": -1,
            "data_collection_rule_id": "",
            "id": "/subscriptions/17f0b3b5-520e-405f-bace-483b82dcf355/resourceGroups/rg-aks-demo/providers/Microsoft.OperationalInsights/workspaces/log-aks",
            "identity": [],
            "immediate_data_purge_on_30_days_enabled": false,
            "internet_ingestion_enabled": true,
            "internet_query_enabled": true,
            "local_authentication_disabled": false,
            "location": "westeurope",
            "name": "log-aks",
            "primary_shared_key": "28bVb39UeNyFggeKPgaTZxKuXUf9J4qJjsyiZ4KAD9nJqdTMRbtiQWRTw6dsYmq5F/TSuG4ENYumWCBDZUwCRA==",
            "reservation_capacity_in_gb_per_day": null,
            "resource_group_name": "rg-aks-demo",
            "retention_in_days": 30,
            "secondary_shared_key": "Bg05mMGIFlkSRb9Z8aj+mwK1vKblHSbEOo5tOFqfVVGRAMOXqZHSKJCnSH9bM7fvHuNx0G45ZvBIL+0SIEp37Q==",
            "sku": "PerGB2018",
            "tags": {},
            "timeouts": null,
            "workspace_id": "32995522-9a67-4e4f-92aa-c1444053ea52"
          },
          "sensitive_attributes": [
            [
              {
                "type": "get_attr",
                "value": "primary_shared_key"
              }
            ],
            [
              {
                "type": "get_attr",
                "value": "secondary_shared_key"
              }
            ]
          ],
          "private": "eyJlMmJmYjczMC1lY2FhLTExZTYtOGY4OC0zNDM2M2JjN2M0YzAiOnsiY3JlYXRlIjoxODAwMDAwMDAwMDAwLCJkZWxldGUiOjE4MDAwMDAwMDAwMDAsInJlYWQiOjMwMDAwMDAwMDAwMCwidXBkYXRlIjoxODAwMDAwMDAwMDAwfSwic2NoZW1hX3ZlcnNpb24iOiIzIn0=",
          "dependencies": [
            "azurerm_resource_group.rg"
          ]
        }
      ]
    },
    {
      "mode": "managed",
      "type": "azurerm_resource_group",
      "name": "rg",
      "provider": "provider[\"registry.terraform.io/hashicorp/azurerm\"]",
      "instances": [
        {
          "schema_version": 0,
          "attributes": {
            "id": "/subscriptions/17f0b3b5-520e-405f-bace-483b82dcf355/resourceGroups/rg-aks-demo",
            "location": "westeurope",
            "managed_by": "",
            "name": "rg-aks-demo",
            "tags": {
              "environment": "dev",
              "owner": "cloudcrusader"
            },
            "timeouts": null
          },
          "sensitive_attributes": [],
          "private": "eyJlMmJmYjczMC1lY2FhLTExZTYtOGY4OC0zNDM2M2JjN2M0YzAiOnsiY3JlYXRlIjo1NDAwMDAwMDAwMDAwLCJkZWxldGUiOjU0MDAwMDAwMDAwMDAsInJlYWQiOjMwMDAwMDAwMDAwMCwidXBkYXRlIjo1NDAwMDAwMDAwMDAwfX0="
        }
      ]
    },
    {
      "mode": "managed",
      "type": "azurerm_subnet",
      "name": "aks",
      "provider": "provider[\"registry.terraform.io/hashicorp/azurerm\"]",
      "instances": [
        {
          "schema_version": 0,
          "attributes": {
            "address_prefixes": [
              "10.10.1.0/24"
            ],
            "default_outbound_access_enabled": true,
            "delegation": [],
            "enforce_private_link_endpoint_network_policies": false,
            "enforce_private_link_service_network_policies": false,
            "id": "/subscriptions/17f0b3b5-520e-405f-bace-483b82dcf355/resourceGroups/rg-aks-demo/providers/Microsoft.Network/virtualNetworks/vnet-aks/subnets/snet-aks",
            "name": "snet-aks",
            "private_endpoint_network_policies": "Enabled",
            "private_endpoint_network_policies_enabled": true,
            "private_link_service_network_policies_enabled": true,
            "resource_group_name": "rg-aks-demo",
            "service_endpoint_policy_ids": [],
            "service_endpoints": [],
            "timeouts": null,
            "virtual_network_name": "vnet-aks"
          },
          "sensitive_attributes": [],
          "private": "eyJlMmJmYjczMC1lY2FhLTExZTYtOGY4OC0zNDM2M2JjN2M0YzAiOnsiY3JlYXRlIjoxODAwMDAwMDAwMDAwLCJkZWxldGUiOjE4MDAwMDAwMDAwMDAsInJlYWQiOjMwMDAwMDAwMDAwMCwidXBkYXRlIjoxODAwMDAwMDAwMDAwfX0=",
          "dependencies": [
            "azurerm_resource_group.rg",
            "azurerm_virtual_network.vnet"
          ]
        }
      ]
    },
    {
      "mode": "managed",
      "type": "azurerm_virtual_network",
      "name": "vnet",
      "provider": "provider[\"registry.terraform.io/hashicorp/azurerm\"]",
      "instances": [
        {
          "schema_version": 0,
          "attributes": {
            "address_space": [
              "10.10.0.0/16"
            ],
            "bgp_community": "",
            "ddos_protection_plan": [],
            "dns_servers": [],
            "edge_zone": "",
            "encryption": [],
            "flow_timeout_in_minutes": 0,
            "guid": "aafc7fd3-2bf4-4954-a6e0-5cda3459349a",
            "id": "/subscriptions/17f0b3b5-520e-405f-bace-483b82dcf355/resourceGroups/rg-aks-demo/providers/Microsoft.Network/virtualNetworks/vnet-aks",
            "location": "westeurope",
            "name": "vnet-aks",
            "resource_group_name": "rg-aks-demo",
            "subnet": [
              {
                "address_prefix": "10.10.1.0/24",
                "id": "/subscriptions/17f0b3b5-520e-405f-bace-483b82dcf355/resourceGroups/rg-aks-demo/providers/Microsoft.Network/virtualNetworks/vnet-aks/subnets/snet-aks",
                "name": "snet-aks",
                "security_group": ""
              }
            ],
            "tags": {},
            "timeouts": null
          },
          "sensitive_attributes": [],
          "private": "eyJlMmJmYjczMC1lY2FhLTExZTYtOGY4OC0zNDM2M2JjN2M0YzAiOnsiY3JlYXRlIjoxODAwMDAwMDAwMDAwLCJkZWxldGUiOjE4MDAwMDAwMDAwMDAsInJlYWQiOjMwMDAwMDAwMDAwMCwidXBkYXRlIjoxODAwMDAwMDAwMDAwfX0=",
          "dependencies": [
            "azurerm_resource_group.rg"
          ]
        }
      ]
    }
  ],
  "check_results": null
}
